// !$*UTF8*$!
{
	archiveVersion = 1;
	classes = {
	};
	objectVersion = 56;
	objects = {
		7A0000010000000000000001 = {
			isa = PBXProject;
			buildConfigurationList = 7A000001000000000000001D;
			compatibilityVersion = "Xcode 14.0";
			developmentRegion = en;
			hasScannedForEncodings = 0;
			knownRegions = (
				en,
			);
			mainGroup = 7A0000010000000000000002;
			productRefGroup = 7A0000010000000000000003;
			projectDirPath = "";
			projectRoot = "";
			targets = (
				7A0000010000000000000004,
			);
		};
		7A0000010000000000000002 = {
			isa = PBXGroup;
			children = (
				7A0000010000000000000009,
				7A000001000000000000000A,
				7A000001000000000000000B,
				7A000001000000000000001D,
				7A000001000000000000001E,
				7A000001000000000000001F,
				7A0000010000000000000020,
				7A0000010000000000000021,
				7A0000010000000000000022,
				7A0000010000000000000003,
			);
			sourceTree = "<group>";
		};
		7A0000010000000000000003 = {
			isa = PBXGroup;
			children = (
				7A0000010000000000000008,
			);
			name = Products;
			sourceTree = "<group>";
		};
		7A0000010000000000000004 = {
			isa = PBXNativeTarget;
			buildConfigurationList = 7A0000010000000000000020;
			buildPhases = (
				7A0000010000000000000019,
				7A0000010000000000000005,
				7A0000010000000000000006,
				7A0000010000000000000007,
			);
			buildRules = (
			);
			dependencies = (
			);
			name = MOVGameiOS;
			productName = MOVGameiOS;
			productReference = 7A0000010000000000000008;
			productType = "com.apple.product-type.application";
		};
		7A0000010000000000000005 = {
			isa = PBXSourcesBuildPhase;
			buildActionMask = 2147483647;
			files = (
				7A000001000000000000000C,
				7A000001000000000000000D,
				7A0000010000000000000023,
				7A0000010000000000000024,
				7A0000010000000000000025,
				7A0000010000000000000026,
				7A0000010000000000000027,
				7A0000010000000000000028,
			);
			runOnlyForDeploymentPostprocessing = 0;
		};
		7A0000010000000000000006 = {
			isa = PBXFrameworksBuildPhase;
			buildActionMask = 2147483647;
			files = (
				7A0000010000000000000029,
			);
			runOnlyForDeploymentPostprocessing = 0;
		};
		7A0000010000000000000019 = {
			isa = PBXShellScriptBuildPhase;
			buildActionMask = 2147483647;
			files = (
			);
			inputPaths = (
			);
			name = "Compile Kotlin Shared";
			outputPaths = (
			);
			runOnlyForDeploymentPostprocessing = 0;
			shellPath = /bin/sh;
			shellScript = "cd \"$SRCROOT/..\" && ./gradlew :shared:embedAndSignAppleFrameworkForXcode";
		};
		7A0000010000000000000007 = {
			isa = PBXResourcesBuildPhase;
			buildActionMask = 2147483647;
			files = (
			);
			runOnlyForDeploymentPostprocessing = 0;
		};
		7A0000010000000000000008 = {
			isa = PBXFileReference;
			explicitFileType = wrapper.application;
			includeInIndex = 0;
			path = MOVGameiOS.app;
			sourceTree = BUILT_PRODUCTS_DIR;
		};
		7A0000010000000000000009 = {
			isa = PBXFileReference;
			lastKnownFileType = sourcecode.swift;
			path = MarginOfVictoryApp.swift;
			sourceTree = "<group>";
		};
		7A000001000000000000000A = {
			isa = PBXFileReference;
			lastKnownFileType = sourcecode.swift;
			path = ContentView.swift;
			sourceTree = "<group>";
		};
		7A000001000000000000000B = {
			isa = PBXFileReference;
			lastKnownFileType = text.plist.xml;
			path = Info.plist;
			sourceTree = "<group>";
		};
		7A000001000000000000000C = {
			isa = PBXBuildFile;
			fileRef = 7A0000010000000000000009;
		};
		7A000001000000000000000D = {
			isa = PBXBuildFile;
			fileRef = 7A000001000000000000000A;
		};
		7A000001000000000000001D = {
			isa = PBXFileReference;
			lastKnownFileType = sourcecode.swift;
			path = GameSession.swift;
			sourceTree = "<group>";
		};
		7A000001000000000000001E = {
			isa = PBXFileReference;
			lastKnownFileType = sourcecode.swift;
			path = TileMapView.swift;
			sourceTree = "<group>";
		};
		7A000001000000000000001F = {
			isa = PBXFileReference;
			lastKnownFileType = sourcecode.swift;
			path = SetupView.swift;
			sourceTree = "<group>";
		};
		7A0000010000000000000020 = {
			isa = PBXFileReference;
			lastKnownFileType = sourcecode.swift;
			path = GameView.swift;
			sourceTree = "<group>";
		};
		7A0000010000000000000021 = {
			isa = PBXFileReference;
			lastKnownFileType = sourcecode.swift;
			path = ResultsView.swift;
			sourceTree = "<group>";
		};
		7A0000010000000000000022 = {
			isa = PBXFileReference;
			lastKnownFileType = sourcecode.swift;
			path = MiscViews.swift;
			sourceTree = "<group>";
		};
		7A0000010000000000000023 = {
			isa = PBXBuildFile;
			fileRef = 7A000001000000000000001D;
		};
		7A0000010000000000000024 = {
			isa = PBXBuildFile;
			fileRef = 7A000001000000000000001E;
		};
		7A0000010000000000000025 = {
			isa = PBXBuildFile;
			fileRef = 7A000001000000000000001F;
		};
		7A0000010000000000000026 = {
			isa = PBXBuildFile;
			fileRef = 7A0000010000000000000020;
		};
		7A0000010000000000000027 = {
			isa = PBXBuildFile;
			fileRef = 7A0000010000000000000021;
		};
		7A0000010000000000000028 = {
			isa = PBXBuildFile;
			fileRef = 7A0000010000000000000022;
		};
		7A0000010000000000000029 = {
			isa = PBXBuildFile;
			fileRef = 7A000001000000000000002A;
		};
		7A000001000000000000002A = {
			isa = PBXFileReference;
			explicitFileType = wrapper.framework;
			path = shared.framework;
			sourceTree = BUILT_PRODUCTS_DIR;
		};
		7A000001000000000000001D = {
			isa = XCConfigurationList;
			buildConfigurations = (
				7A000001000000000000001E,
				7A000001000000000000001F,
			);
			defaultConfigurationIsVisible = 0;
			defaultConfigurationName = Release;
		};
		7A000001000000000000001E = {
			isa = XCBuildConfiguration;
			buildSettings = {
				ALWAYS_SEARCH_USER_PATHS = NO;
				CLANG_ANALYZER_NONNULL = YES;
				CLANG_CXX_LANGUAGE_STANDARD = "gnu++20";
				CLANG_ENABLE_MODULES = YES;
				CLANG_ENABLE_OBJC_ARC = YES;
				CLANG_WARN_DOCUMENTATION_COMMENTS = YES;
				CLANG_WARN_UNGUARDED_AVAILABILITY = YES_AGGRESSIVE;
				CODE_SIGN_STYLE = Automatic;
				CURRENT_PROJECT_VERSION = 1;
				DEBUG_INFORMATION_FORMAT = dwarf;
				ENABLE_STRICT_OBJ_MSGSEND = YES;
				ENABLE_USER_SCRIPT_SANDBOXING = NO;
				ENABLE_TESTABILITY = YES;
				GCC_C_LANGUAGE_STANDARD = gnu17;
				GCC_OPTIMIZATION_LEVEL = 0;
				GCC_PREPROCESSOR_DEFINITIONS = (
					"DEBUG=1",
					"$(inherited)",
				);
				GCC_WARN_UNINITIALIZED_AUTOS = YES_AGGRESSIVE;
				GCC_WARN_UNUSED_FUNCTION = YES;
				GCC_WARN_UNUSED_VARIABLE = YES;
				IPHONEOS_DEPLOYMENT_TARGET = 17.0;
				MARKETING_VERSION = 0.1.0;
				MTL_ENABLE_DEBUG_INFO = INCLUDE_SOURCE;
				ONLY_ACTIVE_ARCH = YES;
				SDKROOT = iphoneos;
				SWIFT_ACTIVE_COMPILATION_CONDITIONS = DEBUG;
				SWIFT_OPTIMIZATION_LEVEL = "-Onone";
			};
			name = Debug;
		};
		7A000001000000000000001F = {
			isa = XCBuildConfiguration;
			buildSettings = {
				ALWAYS_SEARCH_USER_PATHS = NO;
				CLANG_ANALYZER_NONNULL = YES;
				CLANG_CXX_LANGUAGE_STANDARD = "gnu++20";
				CLANG_ENABLE_MODULES = YES;
				CLANG_ENABLE_OBJC_ARC = YES;
				CLANG_WARN_DOCUMENTATION_COMMENTS = YES;
				CLANG_WARN_UNGUARDED_AVAILABILITY = YES_AGGRESSIVE;
				CODE_SIGN_STYLE = Automatic;
				CURRENT_PROJECT_VERSION = 1;
				DEBUG_INFORMATION_FORMAT = "dwarf-with-dsym";
				ENABLE_NS_ASSERTIONS = NO;
				ENABLE_STRICT_OBJ_MSGSEND = YES;
				ENABLE_USER_SCRIPT_SANDBOXING = NO;
				GCC_C_LANGUAGE_STANDARD = gnu17;
				IPHONEOS_DEPLOYMENT_TARGET = 17.0;
				MARKETING_VERSION = 0.1.0;
				MTL_ENABLE_DEBUG_INFO = NO;
				SDKROOT = iphoneos;
				SWIFT_COMPILATION_MODE = wholemodule;
				SWIFT_OPTIMIZATION_LEVEL = "-O";
			};
			name = Release;
		};
		7A0000010000000000000020 = {
			isa = XCConfigurationList;
			buildConfigurations = (
				7A0000010000000000000021,
				7A0000010000000000000022,
			);
			defaultConfigurationIsVisible = 0;
			defaultConfigurationName = Release;
		};
		7A0000010000000000000021 = {
			isa = XCBuildConfiguration;
			buildSettings = {
				CLANG_ENABLE_MODULES = YES;
				CODE_SIGN_STYLE = Automatic;
				ENABLE_PREVIEWS = YES;
				GENERATE_INFOPLIST_FILE = NO;
				INFOPLIST_FILE = Info.plist;
				LD_RUNPATH_SEARCH_PATHS = (
					"$(inherited)",
					"@executable_path/Frameworks",
				);
				MARKETING_VERSION = 0.1.0;
				PRODUCT_BUNDLE_IDENTIFIER = com.lakesidegames.electioneer;
				PRODUCT_NAME = "$(TARGET_NAME)";
				SWIFT_EMIT_LOC_STRINGS = YES;
				SWIFT_VERSION = 5.0;
				TARGETED_DEVICE_FAMILY = "1,2";
			};
			name = Debug;
		};
		7A0000010000000000000022 = {
			isa = XCBuildConfiguration;
			buildSettings = {
				CLANG_ENABLE_MODULES = YES;
				CODE_SIGN_STYLE = Automatic;
				ENABLE_PREVIEWS = YES;
				GENERATE_INFOPLIST_FILE = NO;
				INFOPLIST_FILE = Info.plist;
				LD_RUNPATH_SEARCH_PATHS = (
					"$(inherited)",
					"@executable_path/Frameworks",
				);
				MARKETING_VERSION = 0.1.0;
				PRODUCT_BUNDLE_IDENTIFIER = com.lakesidegames.electioneer;
				PRODUCT_NAME = "$(TARGET_NAME)";
				SWIFT_EMIT_LOC_STRINGS = YES;
				SWIFT_VERSION = 5.0;
				TARGETED_DEVICE_FAMILY = "1,2";
			};
			name = Release;
		};
	};
	rootObject = 7A0000010000000000000001;
}
